// !$*UTF8*$!
{
	archiveVersion = 1;
	classes = {
	};
	objectVersion = 50;
	objects = {

/* Begin PBXBuildFile section */
		F20E2AE1249AD49A003D78D1 /* AppDelegate.swift in Sources */ = {isa = PBXBuildFile; fileRef = F20E2AE0249AD49A003D78D1 /* AppDelegate.swift */; };
		F20E2AE3249AD49A003D78D1 /* SceneDelegate.swift in Sources */ = {isa = PBXBuildFile; fileRef = F20E2AE2249AD49A003D78D1 /* SceneDelegate.swift */; };
		F20E2AE5249AD49A003D78D1 /* ViewController.swift in Sources */ = {isa = PBXBuildFile; fileRef = F20E2AE4249AD49A003D78D1 /* ViewController.swift */; };
		F20E2AE8249AD49A003D78D1 /* Main.storyboard in Resources */ = {isa = PBXBuildFile; fileRef = F20E2AE6249AD49A003D78D1 /* Main.storyboard */; };
		F20E2AEA249AD49B003D78D1 /* Assets.xcassets in Resources */ = {isa = PBXBuildFile; fileRef = F20E2AE9249AD49B003D78D1 /* Assets.xcassets */; };
		F20E2AED249AD49B003D78D1 /* LaunchScreen.storyboard in Resources */ = {isa = PBXBuildFile; fileRef = F20E2AEB249AD49B003D78D1 /* LaunchScreen.storyboard */; };
/* End PBXBuildFile section */

/* Begin PBXFileReference section */
		F20E2ADD249AD49A003D78D1 /* GoogleMaps_Task.app */ = {isa = PBXFileReference; explicitFileType = wrapper.application; includeInIndex = 0; path = GoogleMaps_Task.app; sourceTree = BUILT_PRODUCTS_DIR; };
		F20E2AE0249AD49A003D78D1 /* AppDelegate.swift */ = {isa = PBXFileReference; lastKnownFileType = sourcecode.swift; path = AppDelegate.swift; sourceTree = "<group>"; };
		F20E2AE2249AD49A003D78D1 /* SceneDelegate.swift */ = {isa = PBXFileReference; lastKnownFileType = sourcecode.swift; path = SceneDelegate.swift; sourceTree = "<group>"; };
		F20E2AE4249AD49A003D78D1 /* ViewController.swift */ = {isa = PBXFileReference; lastKnownFileType = sourcecode.swift; path = ViewController.swift; sourceTree = "<group>"; };
		F20E2AE7249AD49A003D78D1 /* Base */ = {isa = PBXFileReference; lastKnownFileType = file.storyboard; name = Base; path = Base.lproj/Main.storyboard; sourceTree = "<group>"; };
		F20E2AE9249AD49B003D78D1 /* Assets.xcassets */ = {isa = PBXFileReference; lastKnownFileType = folder.assetcatalog; path = Assets.xcassets; sourceTree = "<group>"; };
		F20E2AEC249AD49B003D78D1 /* Base */ = {isa = PBXFileReference; lastKnownFileType = file.storyboard; name = Base; path = Base.lproj/LaunchScreen.storyboard; sourceTree = "<group>"; };
		F20E2AEE249AD49B003D78D1 /* Info.plist */ = {isa = PBXFileReference; lastKnownFileType = text.plist.xml; path = Info.plist; sourceTree = "<group>"; };
/* End PBXFileReference section */

/* Begin PBXFrameworksBuildPhase section */
		F20E2ADA249AD49A003D78D1 /* Frameworks */ = {
			isa = PBXFrameworksBuildPhase;
			buildActionMask = 2147483647;
			files = (
			);
			runOnlyForDeploymentPostprocessing = 0;
		};
/* End PBXFrameworksBuildPhase section */

/* Begin PBXGroup section */
		F20E2AD4249AD49A003D78D1 = {
			isa = PBXGroup;
			children = (
				F20E2ADF249AD49A003D78D1 /* GoogleMaps_Task */,
				F20E2ADE249AD49A003D78D1 /* Products */,
			);
			sourceTree = "<group>";
		};
		F20E2ADE249AD49A003D78D1 /* Products */ = {
			isa = PBXGroup;
			children = (
				F20E2ADD249AD49A003D78D1 /* GoogleMaps_Task.app */,
			);
			name = Products;
			sourceTree = "<group>";
		};
		F20E2ADF249AD49A003D78D1 /* GoogleMaps_Task */ = {
			isa = PBXGroup;
			children = (
				F20E2AE0249AD49A003D78D1 /* AppDelegate.swift */,
				F20E2AE2249AD49A003D78D1 /* SceneDelegate.swift */,
				F20E2AE4249AD49A003D78D1 /* ViewController.swift */,
				F20E2AE6249AD49A003D78D1 /* Main.storyboard */,
				F20E2AE9249AD49B003D78D1 /* Assets.xcassets */,
				F20E2AEB249AD49B003D78D1 /* LaunchScreen.storyboard */,
				F20E2AEE249AD49B003D78D1 /* Info.plist */,
			);
			path = GoogleMaps_Task;
			sourceTree = "<group>";
		};
/* End PBXGroup section */

/* Begin PBXNativeTarget section */
		F20E2ADC249AD49A003D78D1 /* GoogleMaps_Task */ = {
			isa = PBXNativeTarget;
			buildConfigurationList = F20E2AF1249AD49B003D78D1 /* Build configuration list for PBXNativeTarget "GoogleMaps_Task" */;
			buildPhases = (
				F20E2AD9249AD49A003D78D1 /* Sources */,
				F20E2ADA249AD49A003D78D1 /* Frameworks */,
				F20E2ADB249AD49A003D78D1 /* Resources */,
			);
			buildRules = (
			);
			dependencies = (
			);
			name = GoogleMaps_Task;
			productName = GoogleMaps_Task;
			productReference = F20E2ADD249AD49A003D78D1 /* GoogleMaps_Task.app */;
			productType = "com.apple.product-type.application";
		};
/* End PBXNativeTarget section */

/* Begin PBXProject section */
		F20E2AD5249AD49A003D78D1 /* Project object */ = {
			isa = PBXProject;
			attributes = {
				LastSwiftUpdateCheck = 1140;
				LastUpgradeCheck = 1140;
				ORGANIZATIONNAME = Esraa;
				TargetAttributes = {
					F20E2ADC249AD49A003D78D1 = {
						CreatedOnToolsVersion = 11.4.1;
					};
				};
			};
			buildConfigurationList = F20E2AD8249AD49A003D78D1 /* Build configuration list for PBXProject "GoogleMaps_Task" */;
			compatibilityVersion = "Xcode 9.3";
			developmentRegion = en;
			hasScannedForEncodings = 0;
			knownRegions = (
				en,
				Base,
			);
			mainGroup = F20E2AD4249AD49A003D78D1;
			productRefGroup = F20E2ADE249AD49A003D78D1 /* Products */;
			projectDirPath = "";
			projectRoot = "";
			targets = (
				F20E2ADC249AD49A003D78D1 /* GoogleMaps_Task */,
			);
		};
/* End PBXProject section */

/* Begin PBXResourcesBuildPhase section */
		F20E2ADB249AD49A003D78D1 /* Resources */ = {
			isa = PBXResourcesBuildPhase;
			buildActionMask = 2147483647;
			files = (
				F20E2AED249AD49B003D78D1 /* LaunchScreen.storyboard in Resources */,
				F20E2AEA249AD49B003D78D1 /* Assets.xcassets in Resources */,
				F20E2AE8249AD49A003D78D1 /* Main.storyboard in Resources */,
			);
			runOnlyForDeploymentPostprocessing = 0;
		};
/* End PBXResourcesBuildPhase section */

/* Begin PBXSourcesBuildPhase section */
		F20E2AD9249AD49A003D78D1 /* Sources */ = {
			isa = PBXSourcesBuildPhase;
			buildActionMask = 2147483647;
			files = (
				F20E2AE5249AD49A003D78D1 /* ViewController.swift in Sources */,
				F20E2AE1249AD49A003D78D1 /* AppDelegate.swift in Sources */,
				F20E2AE3249AD49A003D78D1 /* SceneDelegate.swift in Sources */,
			);
			runOnlyForDeploymentPostprocessing = 0;
		};
/* End PBXSourcesBuildPhase section */

/* Begin PBXVariantGroup section */
		F20E2AE6249AD49A003D78D1 /* Main.storyboard */ = {
			isa = PBXVariantGroup;
			children = (
				F20E2AE7249AD49A003D78D1 /* Base */,
			);
			name = Main.storyboard;
			sourceTree = "<group>";
		};
		F20E2AEB249AD49B003D78D1 /* LaunchScreen.storyboard */ = {
			isa = PBXVariantGroup;
			children = (
				F20E2AEC249AD49B003D78D1 /* Base */,
			);
			name = LaunchScreen.storyboard;
			sourceTree = "<group>";
		};
/* End PBXVariantGroup section */

/* Begin XCBuildConfiguration section */
		F20E2AEF249AD49B003D78D1 /* Debug */ = {
			isa = XCBuildConfiguration;
			buildSettings = {
				ALWAYS_SEARCH_USER_PATHS = NO;
				CLANG_ANALYZER_NONNULL = YES;
				CLANG_ANALYZER_NUMBER_OBJECT_CONVERSION = YES_AGGRESSIVE;
				CLANG_CXX_LANGUAGE_STANDARD = "gnu++14";
				CLANG_CXX_LIBRARY = "libc++";
				CLANG_ENABLE_MODULES = YES;
				CLANG_ENABLE_OBJC_ARC = YES;
				CLANG_ENABLE_OBJC_WEAK = YES;
				CLANG_WARN_BLOCK_CAPTURE_AUTORELEASING = YES;
				CLANG_WARN_BOOL_CONVERSION = YES;
				CLANG_WARN_COMMA = YES;
				CLANG_WARN_CONSTANT_CONVERSION = YES;
				CLANG_WARN_DEPRECATED_OBJC_IMPLEMENTATIONS = YES;
				CLANG_WARN_DIRECT_OBJC_ISA_USAGE = YES_ERROR;
				CLANG_WARN_DOCUMENTATION_COMMENTS = YES;
				CLANG_WARN_EMPTY_BODY = YES;
				CLANG_WARN_ENUM_CONVERSION = YES;
				CLANG_WARN_INFINITE_RECURSION = YES;
				CLANG_WARN_INT_CONVERSION = YES;
				CLANG_WARN_NON_LITERAL_NULL_CONVERSION = YES;
				CLANG_WARN_OBJC_IMPLICIT_RETAIN_SELF = YES;
				CLANG_WARN_OBJC_LITERAL_CONVERSION = YES;
				CLANG_WARN_OBJC_ROOT_CLASS = YES_ERROR;
				CLANG_WARN_RANGE_LOOP_ANALYSIS = YES;
				CLANG_WARN_STRICT_PROTOTYPES = YES;
				CLANG_WARN_SUSPICIOUS_MOVE = YES;
				CLANG_WARN_UNGUARDED_AVAILABILITY = YES_AGGRESSIVE;
				CLANG_WARN_UNREACHABLE_CODE = YES;
				CLANG_WARN__DUPLICATE_METHOD_MATCH = YES;
				COPY_PHASE_STRIP = NO;
				DEBUG_INFORMATION_FORMAT = dwarf;
				ENABLE_STRICT_OBJC_MSGSEND = YES;
				ENABLE_TESTABILITY = YES;
				GCC_C_LANGUAGE_STANDARD = gnu11;
				GCC_DYNAMIC_NO_PIC = NO;
				GCC_NO_COMMON_BLOCKS = YES;
				GCC_OPTIMIZATION_LEVEL = 0;
				GCC_PREPROCESSOR_DEFINITIONS = (
					"DEBUG=1",
					"$(inherited)",
				);
				GCC_WARN_64_TO_32_BIT_CONVERSION = YES;
				GCC_WARN_ABOUT_RETURN_TYPE = YES_ERROR;
				GCC_WARN_UNDECLARED_SELECTOR = YES;
				GCC_WARN_UNINITIALIZED_AUTOS = YES_AGGRESSIVE;
				GCC_WARN_UNUSED_FUNCTION = YES;
				GCC_WARN_UNUSED_VARIABLE = YES;
				IPHONEOS_DEPLOYMENT_TARGET = 13.4;
				MTL_ENABLE_DEBUG_INFO = INCLUDE_SOURCE;
				MTL_FAST_MATH = YES;
				ONLY_ACTIVE_ARCH = YES;
				SDKROOT = iphoneos;
				SWIFT_ACTIVE_COMPILATION_CONDITIONS = DEBUG;
				SWIFT_OPTIMIZATION_LEVEL = "-Onone";
			};
			name = Debug;
		};
		F20E2AF0249AD49B003D78D1 /* Release */ = {
			isa = XCBuildConfiguration;
			buildSettings = {
				ALWAYS_SEARCH_USER_PATHS = NO;
				CLANG_ANALYZER_NONNULL = YES;
				CLANG_ANALYZER_NUMBER_OBJECT_CONVERSION = YES_AGGRESSIVE;
				CLANG_CXX_LANGUAGE_STANDARD = "gnu++14";
				CLANG_CXX_LIBRARY = "libc++";
				CLANG_ENABLE_MODULES = YES;
				CLANG_ENABLE_OBJC_ARC = YES;
				CLANG_ENABLE_OBJC_WEAK = YES;
				CLANG_WARN_BLOCK_CAPTURE_AUTORELEASING = YES;
				CLANG_WARN_BOOL_CONVERSION = YES;
				CLANG_WARN_COMMA = YES;
				CLANG_WARN_CONSTANT_CONVERSION = YES;
				CLANG_WARN_DEPRECATED_OBJC_IMPLEMENTATIONS = YES;
				CLANG_WARN_DIRECT_OBJC_ISA_USAGE = YES_ERROR;
				CLANG_WARN_DOCUMENTATION_COMMENTS = YES;
				CLANG_WARN_EMPTY_BODY = YES;
				CLANG_WARN_ENUM_CONVERSION = YES;
				CLANG_WARN_INFINITE_RECURSION = YES;
				CLANG_WARN_INT_CONVERSION = YES;
				CLANG_WARN_NON_LITERAL_NULL_CONVERSION = YES;
				CLANG_WARN_OBJC_IMPLICIT_RETAIN_SELF = YES;
				CLANG_WARN_OBJC_LITERAL_CONVERSION = YES;
				CLANG_WARN_OBJC_ROOT_CLASS = YES_ERROR;
				CLANG_WARN_RANGE_LOOP_ANALYSIS = YES;
				CLANG_WARN_STRICT_PROTOTYPES = YES;
				CLANG_WARN_SUSPICIOUS_MOVE = YES;
				CLANG_WARN_UNGUARDED_AVAILABILITY = YES_AGGRESSIVE;
				CLANG_WARN_UNREACHABLE_CODE = YES;
				CLANG_WARN__DUPLICATE_METHOD_MATCH = YES;
				COPY_PHASE_STRIP = NO;
				DEBUG_INFORMATION_FORMAT = "dwarf-with-dsym";
				ENABLE_NS_ASSERTIONS = NO;
				ENABLE_STRICT_OBJC_MSGSEND = YES;
				GCC_C_LANGUAGE_STANDARD = gnu11;
				GCC_NO_COMMON_BLOCKS = YES;
				GCC_WARN_64_TO_32_BIT_CONVERSION = YES;
				GCC_WARN_ABOUT_RETURN_TYPE = YES_ERROR;
				GCC_WARN_UNDECLARED_SELECTOR = YES;
				GCC_WARN_UNINITIALIZED_AUTOS = YES_AGGRESSIVE;
				GCC_WARN_UNUSED_FUNCTION = YES;
				GCC_WARN_UNUSED_VARIABLE = YES;
				IPHONEOS_DEPLOYMENT_TARGET = 13.4;
				MTL_ENABLE_DEBUG_INFO = NO;
				MTL_FAST_MATH = YES;
				SDKROOT = iphoneos;
				SWIFT_COMPILATION_MODE = wholemodule;
				SWIFT_OPTIMIZATION_LEVEL = "-O";
				VALIDATE_PRODUCT = YES;
			};
			name = Release;
		};
		F20E2AF2249AD49B003D78D1 /* Debug */ = {
			isa = XCBuildConfiguration;
			buildSettings = {
				ASSETCATALOG_COMPILER_APPICON_NAME = AppIcon;
				CODE_SIGN_STYLE = Automatic;
				DEVELOPMENT_TEAM = LGB62TRSZ6;
				INFOPLIST_FILE = GoogleMaps_Task/Info.plist;
				LD_RUNPATH_SEARCH_PATHS = (
					"$(inherited)",
					"@executable_path/Frameworks",
				);
				PRODUCT_BUNDLE_IDENTIFIER = "Es.GoogleMaps-Task";
				PRODUCT_NAME = "$(TARGET_NAME)";
				SWIFT_VERSION = 5.0;
				TARGETED_DEVICE_FAMILY = "1,2";
			};
			name = Debug;
		};
		F20E2AF3249AD49B003D78D1 /* Release */ = {
			isa = XCBuildConfiguration;
			buildSettings = {
				ASSETCATALOG_COMPILER_APPICON_NAME = AppIcon;
				CODE_SIGN_STYLE = Automatic;
				DEVELOPMENT_TEAM = LGB62TRSZ6;
				INFOPLIST_FILE = GoogleMaps_Task/Info.plist;
				LD_RUNPATH_SEARCH_PATHS = (
					"$(inherited)",
					"@executable_path/Frameworks",
				);
				PRODUCT_BUNDLE_IDENTIFIER = "Es.GoogleMaps-Task";
				PRODUCT_NAME = "$(TARGET_NAME)";
				SWIFT_VERSION = 5.0;
				TARGETED_DEVICE_FAMILY = "1,2";
			};
			name = Release;
		};
/* End XCBuildConfiguration section */

/* Begin XCConfigurationList section */
		F20E2AD8249AD49A003D78D1 /* Build configuration list for PBXProject "GoogleMaps_Task" */ = {
			isa = XCConfigurationList;
			buildConfigurations = (
				F20E2AEF249AD49B003D78D1 /* Debug */,
				F20E2AF0249AD49B003D78D1 /* Release */,
			);
			defaultConfigurationIsVisible = 0;
			defaultConfigurationName = Release;
		};
		F20E2AF1249AD49B003D78D1 /* Build configuration list for PBXNativeTarget "GoogleMaps_Task" */ = {
			isa = XCConfigurationList;
			buildConfigurations = (
				F20E2AF2249AD49B003D78D1 /* Debug */,
				F20E2AF3249AD49B003D78D1 /* Release */,
			);
			defaultConfigurationIsVisible = 0;
			defaultConfigurationName = Release;
		};
/* End XCConfigurationList section */
	};
	rootObject = F20E2AD5249AD49A003D78D1 /* Project object */;
}
